
Microsoft Visual Studio Solution File, Format Version 12.00
# Visual Studio Version 17
VisualStudioVersion = 17.8.34309.116
MinimumVisualStudioVersion = 10.0.40219.1
Project("{FAE04EC0-301F-11D3-BF4B-00C04F79EFBC}") = "Week15OOPAndFiles", "Week15OOPAndFiles\Week15OOPAndFiles.csproj", "{C90A8809-599C-41AA-9B60-683C0ECA1737}"
EndProject
Global
	GlobalSection(SolutionConfigurationPlatforms) = preSolution
		Debug|Any CPU = Debug|Any CPU
		Release|Any CPU = Release|Any CPU
	EndGlobalSection
	GlobalSection(ProjectConfigurationPlatforms) = postSolution
		{C90A8809-599C-41AA-9B60-683C0ECA1737}.Debug|Any CPU.ActiveCfg = Debug|Any CPU
		{C90A8809-599C-41AA-9B60-683C0ECA1737}.Debug|Any CPU.Build.0 = Debug|Any CPU
		{C90A8809-599C-41AA-9B60-683C0ECA1737}.Release|Any CPU.ActiveCfg = Release|Any CPU
		{C90A8809-599C-41AA-9B60-683C0ECA1737}.Release|Any CPU.Build.0 = Release|Any CPU
	EndGlobalSection
	GlobalSection(SolutionProperties) = preSolution
		HideSolutionNode = FALSE
	EndGlobalSection
	GlobalSection(ExtensibilityGlobals) = postSolution
		SolutionGuid = {D2305C9D-D97C-46C3-83C6-3A6D0DE46B43}
	EndGlobalSection
EndGlobal
